
Microsoft Visual Studio Solution File, Format Version 12.00
# Visual Studio Version 16
VisualStudioVersion = 16.0.31005.135
MinimumVisualStudioVersion = 10.0.40219.1
Project("{FAE04EC0-301F-11D3-BF4B-00C04F79EFBC}") = "MVCEntityFrameworkDatabaseFirstAppRevision", "MVCEntityFrameworkDatabaseFirstAppRevision\MVCEntityFrameworkDatabaseFirstAppRevision.csproj", "{CE6CB5D2-8D70-460F-A92B-884451EF9E9B}"
EndProject
Global
	GlobalSection(SolutionConfigurationPlatforms) = preSolution
		Debug|Any CPU = Debug|Any CPU
		Release|Any CPU = Release|Any CPU
	EndGlobalSection
	GlobalSection(ProjectConfigurationPlatforms) = postSolution
		{CE6CB5D2-8D70-460F-A92B-884451EF9E9B}.Debug|Any CPU.ActiveCfg = Debug|Any CPU
		{CE6CB5D2-8D70-460F-A92B-884451EF9E9B}.Debug|Any CPU.Build.0 = Debug|Any CPU
		{CE6CB5D2-8D70-460F-A92B-884451EF9E9B}.Release|Any CPU.ActiveCfg = Release|Any CPU
		{CE6CB5D2-8D70-460F-A92B-884451EF9E9B}.Release|Any CPU.Build.0 = Release|Any CPU
	EndGlobalSection
	GlobalSection(SolutionProperties) = preSolution
		HideSolutionNode = FALSE
	EndGlobalSection
	GlobalSection(ExtensibilityGlobals) = postSolution
		SolutionGuid = {7CD57BEF-BC61-4294-8858-B7B428AD71C7}
	EndGlobalSection
EndGlobal
