
Microsoft Visual Studio Solution File, Format Version 12.00
# Visual Studio Version 16
VisualStudioVersion = 16.0.31005.135
MinimumVisualStudioVersion = 10.0.40219.1
Project("{FAE04EC0-301F-11D3-BF4B-00C04F79EFBC}") = "MVCExceptionHandlingDemo", "MVCExceptionHandlingDemo\MVCExceptionHandlingDemo.csproj", "{749490CF-28AA-4445-8AEF-D742C469E4A9}"
EndProject
Global
	GlobalSection(SolutionConfigurationPlatforms) = preSolution
		Debug|Any CPU = Debug|Any CPU
		Release|Any CPU = Release|Any CPU
	EndGlobalSection
	GlobalSection(ProjectConfigurationPlatforms) = postSolution
		{749490CF-28AA-4445-8AEF-D742C469E4A9}.Debug|Any CPU.ActiveCfg = Debug|Any CPU
		{749490CF-28AA-4445-8AEF-D742C469E4A9}.Debug|Any CPU.Build.0 = Debug|Any CPU
		{749490CF-28AA-4445-8AEF-D742C469E4A9}.Release|Any CPU.ActiveCfg = Release|Any CPU
		{749490CF-28AA-4445-8AEF-D742C469E4A9}.Release|Any CPU.Build.0 = Release|Any CPU
	EndGlobalSection
	GlobalSection(SolutionProperties) = preSolution
		HideSolutionNode = FALSE
	EndGlobalSection
	GlobalSection(ExtensibilityGlobals) = postSolution
		SolutionGuid = {45BB0161-3F6B-4B8A-BFA7-2351222B7C5D}
	EndGlobalSection
EndGlobal
