
Microsoft Visual Studio Solution File, Format Version 12.00
# Visual Studio Version 16
VisualStudioVersion = 16.0.30907.101
MinimumVisualStudioVersion = 10.0.40219.1
Project("{FAE04EC0-301F-11D3-BF4B-00C04F79EFBC}") = "MVCOrginizerPortalDemo", "MVCOrginizerPortalDemo\MVCOrginizerPortalDemo.csproj", "{77FD9E0E-67A6-4F34-8CCF-74A93570FC4D}"
EndProject
Global
	GlobalSection(SolutionConfigurationPlatforms) = preSolution
		Debug|Any CPU = Debug|Any CPU
		Release|Any CPU = Release|Any CPU
	EndGlobalSection
	GlobalSection(ProjectConfigurationPlatforms) = postSolution
		{77FD9E0E-67A6-4F34-8CCF-74A93570FC4D}.Debug|Any CPU.ActiveCfg = Debug|Any CPU
		{77FD9E0E-67A6-4F34-8CCF-74A93570FC4D}.Debug|Any CPU.Build.0 = Debug|Any CPU
		{77FD9E0E-67A6-4F34-8CCF-74A93570FC4D}.Release|Any CPU.ActiveCfg = Release|Any CPU
		{77FD9E0E-67A6-4F34-8CCF-74A93570FC4D}.Release|Any CPU.Build.0 = Release|Any CPU
	EndGlobalSection
	GlobalSection(SolutionProperties) = preSolution
		HideSolutionNode = FALSE
	EndGlobalSection
	GlobalSection(ExtensibilityGlobals) = postSolution
		SolutionGuid = {4F24912A-F32D-42C8-946C-C741FB41B693}
	EndGlobalSection
EndGlobal
