
Microsoft Visual Studio Solution File, Format Version 12.00
# Visual Studio Version 16
VisualStudioVersion = 16.0.30907.101
MinimumVisualStudioVersion = 10.0.40219.1
Project("{FAE04EC0-301F-11D3-BF4B-00C04F79EFBC}") = "MVCEmployeeCrudOperationInMemoryRepository", "MVCEmployeeCrudOperationInMemoryRepository\MVCEmployeeCrudOperationInMemoryRepository.csproj", "{4DA6650C-E1A4-4836-847D-89D248D77691}"
EndProject
Global
	GlobalSection(SolutionConfigurationPlatforms) = preSolution
		Debug|Any CPU = Debug|Any CPU
		Release|Any CPU = Release|Any CPU
	EndGlobalSection
	GlobalSection(ProjectConfigurationPlatforms) = postSolution
		{4DA6650C-E1A4-4836-847D-89D248D77691}.Debug|Any CPU.ActiveCfg = Debug|Any CPU
		{4DA6650C-E1A4-4836-847D-89D248D77691}.Debug|Any CPU.Build.0 = Debug|Any CPU
		{4DA6650C-E1A4-4836-847D-89D248D77691}.Release|Any CPU.ActiveCfg = Release|Any CPU
		{4DA6650C-E1A4-4836-847D-89D248D77691}.Release|Any CPU.Build.0 = Release|Any CPU
	EndGlobalSection
	GlobalSection(SolutionProperties) = preSolution
		HideSolutionNode = FALSE
	EndGlobalSection
	GlobalSection(ExtensibilityGlobals) = postSolution
		SolutionGuid = {3C599755-BADA-4682-B87A-A2963AEEE4B3}
	EndGlobalSection
EndGlobal
