
Microsoft Visual Studio Solution File, Format Version 12.00
# Visual Studio Version 16
VisualStudioVersion = 16.0.30907.101
MinimumVisualStudioVersion = 10.0.40219.1
Project("{FAE04EC0-301F-11D3-BF4B-00C04F79EFBC}") = "EntityFrameWorkDemo", "EntityFrameWorkDemo\EntityFrameWorkDemo.csproj", "{EC1573D7-25E4-46E5-9CD7-AD4087EAE550}"
EndProject
Global
	GlobalSection(SolutionConfigurationPlatforms) = preSolution
		Debug|Any CPU = Debug|Any CPU
		Release|Any CPU = Release|Any CPU
	EndGlobalSection
	GlobalSection(ProjectConfigurationPlatforms) = postSolution
		{EC1573D7-25E4-46E5-9CD7-AD4087EAE550}.Debug|Any CPU.ActiveCfg = Debug|Any CPU
		{EC1573D7-25E4-46E5-9CD7-AD4087EAE550}.Debug|Any CPU.Build.0 = Debug|Any CPU
		{EC1573D7-25E4-46E5-9CD7-AD4087EAE550}.Release|Any CPU.ActiveCfg = Release|Any CPU
		{EC1573D7-25E4-46E5-9CD7-AD4087EAE550}.Release|Any CPU.Build.0 = Release|Any CPU
	EndGlobalSection
	GlobalSection(SolutionProperties) = preSolution
		HideSolutionNode = FALSE
	EndGlobalSection
	GlobalSection(ExtensibilityGlobals) = postSolution
		SolutionGuid = {6B40A5B4-FE9E-4796-BE11-BA78B9657137}
	EndGlobalSection
EndGlobal
