
Microsoft Visual Studio Solution File, Format Version 12.00
# Visual Studio Version 16
VisualStudioVersion = 16.0.31005.135
MinimumVisualStudioVersion = 10.0.40219.1
Project("{FAE04EC0-301F-11D3-BF4B-00C04F79EFBC}") = "MVCActionFilterDemo", "MVCActionFilterDemo\MVCActionFilterDemo.csproj", "{0E002A39-D8C6-472A-923E-116AB3EDF0E4}"
EndProject
Global
	GlobalSection(SolutionConfigurationPlatforms) = preSolution
		Debug|Any CPU = Debug|Any CPU
		Release|Any CPU = Release|Any CPU
	EndGlobalSection
	GlobalSection(ProjectConfigurationPlatforms) = postSolution
		{0E002A39-D8C6-472A-923E-116AB3EDF0E4}.Debug|Any CPU.ActiveCfg = Debug|Any CPU
		{0E002A39-D8C6-472A-923E-116AB3EDF0E4}.Debug|Any CPU.Build.0 = Debug|Any CPU
		{0E002A39-D8C6-472A-923E-116AB3EDF0E4}.Release|Any CPU.ActiveCfg = Release|Any CPU
		{0E002A39-D8C6-472A-923E-116AB3EDF0E4}.Release|Any CPU.Build.0 = Release|Any CPU
	EndGlobalSection
	GlobalSection(SolutionProperties) = preSolution
		HideSolutionNode = FALSE
	EndGlobalSection
	GlobalSection(ExtensibilityGlobals) = postSolution
		SolutionGuid = {91104E20-B8EB-4FEF-9365-AA62E1362DE4}
	EndGlobalSection
EndGlobal
